{
  "name": "t1",
  "lockfileVersion": 3,
  "requires": true,
  "packages": {
    "": {
      "dependencies": {
        "esm": "^3.2.25",
        "polyglot": "^0.5.0"
      }
    },
    "node_modules/esm": {
      "version": "3.2.25",
      "resolved": "https://registry.npmjs.org/esm/-/esm-3.2.25.tgz",
      "integrity": "sha512-U1suiZ2oDVWv4zPO56S0NcR5QriEahGtdN2OR6FiOG4WJvcjBVFB0qI4+eKoWFH483PKGuLuu6V8Z4T5g63UVA==",
      "license": "MIT",
      "engines": {
        "node": ">=6"
      }
    },
    "node_modules/polyglot": {
      "version": "0.5.0",
      "resolved": "https://registry.npmjs.org/polyglot/-/polyglot-0.5.0.tgz",
      "integrity": "sha512-U6nUdVKrSZEHH+FFyZsLzG7vUlGzevD2Oetg6/wuJU5UZz/lHf+bj0DXPKCsbIQ4U/HT9df58b28U7e4GIKa+Q==",
      "engines": {
        "node": ">0.6"
      }
    }
  }
}
